// !$*UTF8*$!
{
	archiveVersion = 1;
	classes = {
	};
	objectVersion = 50;
	objects = {

/* Begin PBXBuildFile section */
		575B865722710592008F1C21 /* AppDelegate.swift in Sources */ = {isa = PBXBuildFile; fileRef = 575B865622710592008F1C21 /* AppDelegate.swift */; };
		575B865C22710592008F1C21 /* Main.storyboard in Resources */ = {isa = PBXBuildFile; fileRef = 575B865A22710592008F1C21 /* Main.storyboard */; };
		575B865E2271059B008F1C21 /* Assets.xcassets in Resources */ = {isa = PBXBuildFile; fileRef = 575B865D2271059B008F1C21 /* Assets.xcassets */; };
		575B86612271059B008F1C21 /* LaunchScreen.storyboard in Resources */ = {isa = PBXBuildFile; fileRef = 575B865F2271059B008F1C21 /* LaunchScreen.storyboard */; };
		576A15A522710AA500F43B78 /* PaintingViewController.swift in Sources */ = {isa = PBXBuildFile; fileRef = 576A15A422710AA500F43B78 /* PaintingViewController.swift */; };
		576A15A722710B3400F43B78 /* PaintingTableViewCell.swift in Sources */ = {isa = PBXBuildFile; fileRef = 576A15A622710B3400F43B78 /* PaintingTableViewCell.swift */; };
		576A15A922710C3900F43B78 /* Painting.swift in Sources */ = {isa = PBXBuildFile; fileRef = 576A15A822710C3900F43B78 /* Painting.swift */; };
		576A15AD22710C6E00F43B78 /* PaintingTableViewCellDelegate.swift in Sources */ = {isa = PBXBuildFile; fileRef = 576A15AC22710C6E00F43B78 /* PaintingTableViewCellDelegate.swift */; };
		576A15B12271DDC500F43B78 /* PaintingController.swift in Sources */ = {isa = PBXBuildFile; fileRef = 576A15B02271DDC500F43B78 /* PaintingController.swift */; };
/* End PBXBuildFile section */

/* Begin PBXFileReference section */
		575B865322710592008F1C21 /* ArtApp.app */ = {isa = PBXFileReference; explicitFileType = wrapper.application; includeInIndex = 0; path = ArtApp.app; sourceTree = BUILT_PRODUCTS_DIR; };
		575B865622710592008F1C21 /* AppDelegate.swift */ = {isa = PBXFileReference; lastKnownFileType = sourcecode.swift; path = AppDelegate.swift; sourceTree = "<group>"; };
		575B865B22710592008F1C21 /* Base */ = {isa = PBXFileReference; lastKnownFileType = file.storyboard; name = Base; path = Base.lproj/Main.storyboard; sourceTree = "<group>"; };
		575B865D2271059B008F1C21 /* Assets.xcassets */ = {isa = PBXFileReference; lastKnownFileType = folder.assetcatalog; path = Assets.xcassets; sourceTree = "<group>"; };
		575B86602271059B008F1C21 /* Base */ = {isa = PBXFileReference; lastKnownFileType = file.storyboard; name = Base; path = Base.lproj/LaunchScreen.storyboard; sourceTree = "<group>"; };
		575B86622271059B008F1C21 /* Info.plist */ = {isa = PBXFileReference; lastKnownFileType = text.plist.xml; path = Info.plist; sourceTree = "<group>"; };
		576A15A422710AA500F43B78 /* PaintingViewController.swift */ = {isa = PBXFileReference; lastKnownFileType = sourcecode.swift; path = PaintingViewController.swift; sourceTree = "<group>"; };
		576A15A622710B3400F43B78 /* PaintingTableViewCell.swift */ = {isa = PBXFileReference; lastKnownFileType = sourcecode.swift; path = PaintingTableViewCell.swift; sourceTree = "<group>"; };
		576A15A822710C3900F43B78 /* Painting.swift */ = {isa = PBXFileReference; lastKnownFileType = sourcecode.swift; path = Painting.swift; sourceTree = "<group>"; };
		576A15AC22710C6E00F43B78 /* PaintingTableViewCellDelegate.swift */ = {isa = PBXFileReference; lastKnownFileType = sourcecode.swift; path = PaintingTableViewCellDelegate.swift; sourceTree = "<group>"; };
		576A15B02271DDC500F43B78 /* PaintingController.swift */ = {isa = PBXFileReference; lastKnownFileType = sourcecode.swift; path = PaintingController.swift; sourceTree = "<group>"; };
/* End PBXFileReference section */

/* Begin PBXFrameworksBuildPhase section */
		575B865022710592008F1C21 /* Frameworks */ = {
			isa = PBXFrameworksBuildPhase;
			buildActionMask = 2147483647;
			files = (
			);
			runOnlyForDeploymentPostprocessing = 0;
		};
/* End PBXFrameworksBuildPhase section */

/* Begin PBXGroup section */
		575B864A22710592008F1C21 = {
			isa = PBXGroup;
			children = (
				575B865522710592008F1C21 /* ArtApp */,
				575B865422710592008F1C21 /* Products */,
			);
			sourceTree = "<group>";
		};
		575B865422710592008F1C21 /* Products */ = {
			isa = PBXGroup;
			children = (
				575B865322710592008F1C21 /* ArtApp.app */,
			);
			name = Products;
			sourceTree = "<group>";
		};
		575B865522710592008F1C21 /* ArtApp */ = {
			isa = PBXGroup;
			children = (
				575B865622710592008F1C21 /* AppDelegate.swift */,
				575B865A22710592008F1C21 /* Main.storyboard */,
				575B865D2271059B008F1C21 /* Assets.xcassets */,
				575B865F2271059B008F1C21 /* LaunchScreen.storyboard */,
				575B86622271059B008F1C21 /* Info.plist */,
				576A15A422710AA500F43B78 /* PaintingViewController.swift */,
				576A15A622710B3400F43B78 /* PaintingTableViewCell.swift */,
				576A15A822710C3900F43B78 /* Painting.swift */,
				576A15AC22710C6E00F43B78 /* PaintingTableViewCellDelegate.swift */,
				576A15B02271DDC500F43B78 /* PaintingController.swift */,
			);
			path = ArtApp;
			sourceTree = "<group>";
		};
/* End PBXGroup section */

/* Begin PBXNativeTarget section */
		575B865222710592008F1C21 /* ArtApp */ = {
			isa = PBXNativeTarget;
			buildConfigurationList = 575B86652271059B008F1C21 /* Build configuration list for PBXNativeTarget "ArtApp" */;
			buildPhases = (
				575B864F22710592008F1C21 /* Sources */,
				575B865022710592008F1C21 /* Frameworks */,
				575B865122710592008F1C21 /* Resources */,
			);
			buildRules = (
			);
			dependencies = (
			);
			name = ArtApp;
			productName = ArtApp;
			productReference = 575B865322710592008F1C21 /* ArtApp.app */;
			productType = "com.apple.product-type.application";
		};
/* End PBXNativeTarget section */

/* Begin PBXProject section */
		575B864B22710592008F1C21 /* Project object */ = {
			isa = PBXProject;
			attributes = {
				LastSwiftUpdateCheck = 1020;
				LastUpgradeCheck = 1020;
				ORGANIZATIONNAME = com.Victor;
				TargetAttributes = {
					575B865222710592008F1C21 = {
						CreatedOnToolsVersion = 10.2.1;
					};
				};
			};
			buildConfigurationList = 575B864E22710592008F1C21 /* Build configuration list for PBXProject "ArtApp" */;
			compatibilityVersion = "Xcode 9.3";
			developmentRegion = en;
			hasScannedForEncodings = 0;
			knownRegions = (
				en,
				Base,
			);
			mainGroup = 575B864A22710592008F1C21;
			productRefGroup = 575B865422710592008F1C21 /* Products */;
			projectDirPath = "";
			projectRoot = "";
			targets = (
				575B865222710592008F1C21 /* ArtApp */,
			);
		};
/* End PBXProject section */

/* Begin PBXResourcesBuildPhase section */
		575B865122710592008F1C21 /* Resources */ = {
			isa = PBXResourcesBuildPhase;
			buildActionMask = 2147483647;
			files = (
				575B86612271059B008F1C21 /* LaunchScreen.storyboard in Resources */,
				575B865E2271059B008F1C21 /* Assets.xcassets in Resources */,
				575B865C22710592008F1C21 /* Main.storyboard in Resources */,
			);
			runOnlyForDeploymentPostprocessing = 0;
		};
/* End PBXResourcesBuildPhase section */

/* Begin PBXSourcesBuildPhase section */
		575B864F22710592008F1C21 /* Sources */ = {
			isa = PBXSourcesBuildPhase;
			buildActionMask = 2147483647;
			files = (
				575B865722710592008F1C21 /* AppDelegate.swift in Sources */,
				576A15A522710AA500F43B78 /* PaintingViewController.swift in Sources */,
				576A15A722710B3400F43B78 /* PaintingTableViewCell.swift in Sources */,
				576A15B12271DDC500F43B78 /* PaintingController.swift in Sources */,
				576A15A922710C3900F43B78 /* Painting.swift in Sources */,
				576A15AD22710C6E00F43B78 /* PaintingTableViewCellDelegate.swift in Sources */,
			);
			runOnlyForDeploymentPostprocessing = 0;
		};
/* End PBXSourcesBuildPhase section */

/* Begin PBXVariantGroup section */
		575B865A22710592008F1C21 /* Main.storyboard */ = {
			isa = PBXVariantGroup;
			children = (
				575B865B22710592008F1C21 /* Base */,
			);
			name = Main.storyboard;
			sourceTree = "<group>";
		};
		575B865F2271059B008F1C21 /* LaunchScreen.storyboard */ = {
			isa = PBXVariantGroup;
			children = (
				575B86602271059B008F1C21 /* Base */,
			);
			name = LaunchScreen.storyboard;
			sourceTree = "<group>";
		};
/* End PBXVariantGroup section */

/* Begin XCBuildConfiguration section */
		575B86632271059B008F1C21 /* Debug */ = {
			isa = XCBuildConfiguration;
			buildSettings = {
				ALWAYS_SEARCH_USER_PATHS = NO;
				CLANG_ANALYZER_NONNULL = YES;
				CLANG_ANALYZER_NUMBER_OBJECT_CONVERSION = YES_AGGRESSIVE;
				CLANG_CXX_LANGUAGE_STANDARD = "gnu++14";
				CLANG_CXX_LIBRARY = "libc++";
				CLANG_ENABLE_MODULES = YES;
				CLANG_ENABLE_OBJC_ARC = YES;
				CLANG_ENABLE_OBJC_WEAK = YES;
				CLANG_WARN_BLOCK_CAPTURE_AUTORELEASING = YES;
				CLANG_WARN_BOOL_CONVERSION = YES;
				CLANG_WARN_COMMA = YES;
				CLANG_WARN_CONSTANT_CONVERSION = YES;
				CLANG_WARN_DEPRECATED_OBJC_IMPLEMENTATIONS = YES;
				CLANG_WARN_DIRECT_OBJC_ISA_USAGE = YES_ERROR;
				CLANG_WARN_DOCUMENTATION_COMMENTS = YES;
				CLANG_WARN_EMPTY_BODY = YES;
				CLANG_WARN_ENUM_CONVERSION = YES;
				CLANG_WARN_INFINITE_RECURSION = YES;
				CLANG_WARN_INT_CONVERSION = YES;
				CLANG_WARN_NON_LITERAL_NULL_CONVERSION = YES;
				CLANG_WARN_OBJC_IMPLICIT_RETAIN_SELF = YES;
				CLANG_WARN_OBJC_LITERAL_CONVERSION = YES;
				CLANG_WARN_OBJC_ROOT_CLASS = YES_ERROR;
				CLANG_WARN_RANGE_LOOP_ANALYSIS = YES;
				CLANG_WARN_STRICT_PROTOTYPES = YES;
				CLANG_WARN_SUSPICIOUS_MOVE = YES;
				CLANG_WARN_UNGUARDED_AVAILABILITY = YES_AGGRESSIVE;
				CLANG_WARN_UNREACHABLE_CODE = YES;
				CLANG_WARN__DUPLICATE_METHOD_MATCH = YES;
				CODE_SIGN_IDENTITY = "iPhone Developer";
				COPY_PHASE_STRIP = NO;
				DEBUG_INFORMATION_FORMAT = dwarf;
				ENABLE_STRICT_OBJC_MSGSEND = YES;
				ENABLE_TESTABILITY = YES;
				GCC_C_LANGUAGE_STANDARD = gnu11;
				GCC_DYNAMIC_NO_PIC = NO;
				GCC_NO_COMMON_BLOCKS = YES;
				GCC_OPTIMIZATION_LEVEL = 0;
				GCC_PREPROCESSOR_DEFINITIONS = (
					"DEBUG=1",
					"$(inherited)",
				);
				GCC_WARN_64_TO_32_BIT_CONVERSION = YES;
				GCC_WARN_ABOUT_RETURN_TYPE = YES_ERROR;
				GCC_WARN_UNDECLARED_SELECTOR = YES;
				GCC_WARN_UNINITIALIZED_AUTOS = YES_AGGRESSIVE;
				GCC_WARN_UNUSED_FUNCTION = YES;
				GCC_WARN_UNUSED_VARIABLE = YES;
				IPHONEOS_DEPLOYMENT_TARGET = 12.2;
				MTL_ENABLE_DEBUG_INFO = INCLUDE_SOURCE;
				MTL_FAST_MATH = YES;
				ONLY_ACTIVE_ARCH = YES;
				SDKROOT = iphoneos;
				SWIFT_ACTIVE_COMPILATION_CONDITIONS = DEBUG;
				SWIFT_OPTIMIZATION_LEVEL = "-Onone";
			};
			name = Debug;
		};
		575B86642271059B008F1C21 /* Release */ = {
			isa = XCBuildConfiguration;
			buildSettings = {
				ALWAYS_SEARCH_USER_PATHS = NO;
				CLANG_ANALYZER_NONNULL = YES;
				CLANG_ANALYZER_NUMBER_OBJECT_CONVERSION = YES_AGGRESSIVE;
				CLANG_CXX_LANGUAGE_STANDARD = "gnu++14";
				CLANG_CXX_LIBRARY = "libc++";
				CLANG_ENABLE_MODULES = YES;
				CLANG_ENABLE_OBJC_ARC = YES;
				CLANG_ENABLE_OBJC_WEAK = YES;
				CLANG_WARN_BLOCK_CAPTURE_AUTORELEASING = YES;
				CLANG_WARN_BOOL_CONVERSION = YES;
				CLANG_WARN_COMMA = YES;
				CLANG_WARN_CONSTANT_CONVERSION = YES;
				CLANG_WARN_DEPRECATED_OBJC_IMPLEMENTATIONS = YES;
				CLANG_WARN_DIRECT_OBJC_ISA_USAGE = YES_ERROR;
				CLANG_WARN_DOCUMENTATION_COMMENTS = YES;
				CLANG_WARN_EMPTY_BODY = YES;
				CLANG_WARN_ENUM_CONVERSION = YES;
				CLANG_WARN_INFINITE_RECURSION = YES;
				CLANG_WARN_INT_CONVERSION = YES;
				CLANG_WARN_NON_LITERAL_NULL_CONVERSION = YES;
				CLANG_WARN_OBJC_IMPLICIT_RETAIN_SELF = YES;
				CLANG_WARN_OBJC_LITERAL_CONVERSION = YES;
				CLANG_WARN_OBJC_ROOT_CLASS = YES_ERROR;
				CLANG_WARN_RANGE_LOOP_ANALYSIS = YES;
				CLANG_WARN_STRICT_PROTOTYPES = YES;
				CLANG_WARN_SUSPICIOUS_MOVE = YES;
				CLANG_WARN_UNGUARDED_AVAILABILITY = YES_AGGRESSIVE;
				CLANG_WARN_UNREACHABLE_CODE = YES;
				CLANG_WARN__DUPLICATE_METHOD_MATCH = YES;
				CODE_SIGN_IDENTITY = "iPhone Developer";
				COPY_PHASE_STRIP = NO;
				DEBUG_INFORMATION_FORMAT = "dwarf-with-dsym";
				ENABLE_NS_ASSERTIONS = NO;
				ENABLE_STRICT_OBJC_MSGSEND = YES;
				GCC_C_LANGUAGE_STANDARD = gnu11;
				GCC_NO_COMMON_BLOCKS = YES;
				GCC_WARN_64_TO_32_BIT_CONVERSION = YES;
				GCC_WARN_ABOUT_RETURN_TYPE = YES_ERROR;
				GCC_WARN_UNDECLARED_SELECTOR = YES;
				GCC_WARN_UNINITIALIZED_AUTOS = YES_AGGRESSIVE;
				GCC_WARN_UNUSED_FUNCTION = YES;
				GCC_WARN_UNUSED_VARIABLE = YES;
				IPHONEOS_DEPLOYMENT_TARGET = 12.2;
				MTL_ENABLE_DEBUG_INFO = NO;
				MTL_FAST_MATH = YES;
				SDKROOT = iphoneos;
				SWIFT_COMPILATION_MODE = wholemodule;
				SWIFT_OPTIMIZATION_LEVEL = "-O";
				VALIDATE_PRODUCT = YES;
			};
			name = Release;
		};
		575B86662271059B008F1C21 /* Debug */ = {
			isa = XCBuildConfiguration;
			buildSettings = {
				ASSETCATALOG_COMPILER_APPICON_NAME = AppIcon;
				CODE_SIGN_STYLE = Automatic;
				DEVELOPMENT_TEAM = PX6J4SWYW9;
				INFOPLIST_FILE = ArtApp/Info.plist;
				LD_RUNPATH_SEARCH_PATHS = (
					"$(inherited)",
					"@executable_path/Frameworks",
				);
				PRODUCT_BUNDLE_IDENTIFIER = vicxruiz.ArtApp;
				PRODUCT_NAME = "$(TARGET_NAME)";
				SWIFT_VERSION = 5.0;
				TARGETED_DEVICE_FAMILY = "1,2";
			};
			name = Debug;
		};
		575B86672271059B008F1C21 /* Release */ = {
			isa = XCBuildConfiguration;
			buildSettings = {
				ASSETCATALOG_COMPILER_APPICON_NAME = AppIcon;
				CODE_SIGN_STYLE = Automatic;
				DEVELOPMENT_TEAM = PX6J4SWYW9;
				INFOPLIST_FILE = ArtApp/Info.plist;
				LD_RUNPATH_SEARCH_PATHS = (
					"$(inherited)",
					"@executable_path/Frameworks",
				);
				PRODUCT_BUNDLE_IDENTIFIER = vicxruiz.ArtApp;
				PRODUCT_NAME = "$(TARGET_NAME)";
				SWIFT_VERSION = 5.0;
				TARGETED_DEVICE_FAMILY = "1,2";
			};
			name = Release;
		};
/* End XCBuildConfiguration section */

/* Begin XCConfigurationList section */
		575B864E22710592008F1C21 /* Build configuration list for PBXProject "ArtApp" */ = {
			isa = XCConfigurationList;
			buildConfigurations = (
				575B86632271059B008F1C21 /* Debug */,
				575B86642271059B008F1C21 /* Release */,
			);
			defaultConfigurationIsVisible = 0;
			defaultConfigurationName = Release;
		};
		575B86652271059B008F1C21 /* Build configuration list for PBXNativeTarget "ArtApp" */ = {
			isa = XCConfigurationList;
			buildConfigurations = (
				575B86662271059B008F1C21 /* Debug */,
				575B86672271059B008F1C21 /* Release */,
			);
			defaultConfigurationIsVisible = 0;
			defaultConfigurationName = Release;
		};
/* End XCConfigurationList section */
	};
	rootObject = 575B864B22710592008F1C21 /* Project object */;
}
